
Microsoft Visual Studio Solution File, Format Version 12.00
# Visual Studio Version 16
VisualStudioVersion = 16.0.30907.101
MinimumVisualStudioVersion = 10.0.40219.1
Project("{9A19103F-16F7-4668-BE54-9A1E7A4F7556}") = "GameAPI", "GameAPI\GameAPI.csproj", "{62F7B111-0899-4DE7-88C9-2037574FDC4E}"
EndProject
Project("{FAE04EC0-301F-11D3-BF4B-00C04F79EFBC}") = "Common", "Common\Common.csproj", "{FE888D25-6CC8-45C6-8A6E-C7B6E58802A1}"
EndProject
Project("{FAE04EC0-301F-11D3-BF4B-00C04F79EFBC}") = "Proxy", "Proxy\Proxy.csproj", "{2974D1C0-916C-4B8A-A516-6D63D81839CF}"
EndProject
Global
	GlobalSection(SolutionConfigurationPlatforms) = preSolution
		Debug|Any CPU = Debug|Any CPU
		Release|Any CPU = Release|Any CPU
	EndGlobalSection
	GlobalSection(ProjectConfigurationPlatforms) = postSolution
		{62F7B111-0899-4DE7-88C9-2037574FDC4E}.Debug|Any CPU.ActiveCfg = Debug|Any CPU
		{62F7B111-0899-4DE7-88C9-2037574FDC4E}.Debug|Any CPU.Build.0 = Debug|Any CPU
		{62F7B111-0899-4DE7-88C9-2037574FDC4E}.Release|Any CPU.ActiveCfg = Release|Any CPU
		{62F7B111-0899-4DE7-88C9-2037574FDC4E}.Release|Any CPU.Build.0 = Release|Any CPU
		{FE888D25-6CC8-45C6-8A6E-C7B6E58802A1}.Debug|Any CPU.ActiveCfg = Debug|Any CPU
		{FE888D25-6CC8-45C6-8A6E-C7B6E58802A1}.Debug|Any CPU.Build.0 = Debug|Any CPU
		{FE888D25-6CC8-45C6-8A6E-C7B6E58802A1}.Release|Any CPU.ActiveCfg = Release|Any CPU
		{FE888D25-6CC8-45C6-8A6E-C7B6E58802A1}.Release|Any CPU.Build.0 = Release|Any CPU
		{2974D1C0-916C-4B8A-A516-6D63D81839CF}.Debug|Any CPU.ActiveCfg = Debug|Any CPU
		{2974D1C0-916C-4B8A-A516-6D63D81839CF}.Debug|Any CPU.Build.0 = Debug|Any CPU
		{2974D1C0-916C-4B8A-A516-6D63D81839CF}.Release|Any CPU.ActiveCfg = Release|Any CPU
		{2974D1C0-916C-4B8A-A516-6D63D81839CF}.Release|Any CPU.Build.0 = Release|Any CPU
	EndGlobalSection
	GlobalSection(SolutionProperties) = preSolution
		HideSolutionNode = FALSE
	EndGlobalSection
	GlobalSection(ExtensibilityGlobals) = postSolution
		SolutionGuid = {83D827A3-EC4E-46C9-AE0E-A025F2C26F0E}
	EndGlobalSection
EndGlobal
